<?xml version="1.0" encoding="UTF-8"?>
<Scheme
   LastUpgradeVersion = "1130"
   version = "2.0">
   <BuildAction
      parallelizeBuildables = "YES"
      buildImplicitDependencies = "YES">
      <BuildActionEntries>
         <BuildActionEntry
            buildForTesting = "YES"
            buildForRunning = "YES"
            buildForProfiling = "YES"
            buildForArchiving = "YES"
            buildForAnalyzing = "YES">
            <BuildableReference
               BuildableIdentifier = "primary"
               BlueprintIdentifier = "EDE22CAC2394BAEC00A64FEA"
               BuildableName = "FlSwiftExample.app"
               BlueprintName = "FlSwiftExample_WatchOS"
               ReferencedContainer = "container:FlSwiftExample.xcodeproj">
            </BuildableReference>
         </BuildActionEntry>
         <BuildActionEntry
            buildForTesting = "YES"
            buildForRunning = "YES"
            buildForProfiling = "YES"
            buildForArchiving = "YES"
            buildForAnalyzing = "YES">
            <BuildableReference
               BuildableIdentifier = "primary"
               BlueprintIdentifier = "EDE22CB82394BAEC00A64FEA"
               BuildableName = "FlSwiftExample_WatchOS Extension.appex"
               BlueprintName = "FlSwiftExample_WatchOS Extension"
               ReferencedContainer = "container:FlSwiftExample.xcodeproj">
            </BuildableReference>
         </BuildActionEntry>
      </BuildActionEntries>
   </BuildAction>
   <TestAction
      buildConfiguration = "Debug"
      selectedDebuggerIdentifier = "Xcode.DebuggerFoundation.Debugger.LLDB"
      selectedLauncherIdentifier = "Xcode.DebuggerFoundation.Launcher.LLDB"
      shouldUseLaunchSchemeArgsEnv = "YES">
      <Testables>
      </Testables>
   </TestAction>
   <LaunchAction
      buildConfiguration = "Debug"
      selectedDebuggerIdentifier = "Xcode.DebuggerFoundation.Debugger.LLDB"
      selectedLauncherIdentifier = "Xcode.DebuggerFoundation.Launcher.LLDB"
      launchStyle = "0"
      useCustomWorkingDirectory = "NO"
      ignoresPersistentStateOnLaunch = "NO"
      debugDocumentVersioning = "YES"
      debugServiceExtension = "internal"
      allowLocationSimulation = "YES"
      launchAutomaticallySubstyle = "8"
      notificationPayloadFile = "FlSwiftExample_WatchOS Extension/PushNotificationPayload.apns">
      <RemoteRunnable
         runnableDebuggingMode = "2"
         BundleIdentifier = "com.apple.Carousel"
         RemotePath = "/FlSwiftExample_Watch Extension">
         <BuildableReference
            BuildableIdentifier = "primary"
            BlueprintIdentifier = "EDE22CB82394BAEC00A64FEA"
            BuildableName = "FlSwiftExample_WatchOS Extension.appex"
            BlueprintName = "FlSwiftExample_WatchOS Extension"
            ReferencedContainer = "container:FlSwiftExample.xcodeproj">
         </BuildableReference>
      </RemoteRunnable>
   </LaunchAction>
   <ProfileAction
      buildConfiguration = "Release"
      shouldUseLaunchSchemeArgsEnv = "YES"
      savedToolIdentifier = ""
      useCustomWorkingDirectory = "NO"
      debugDocumentVersioning = "YES"
      launchAutomaticallySubstyle = "8"
      notificationPayloadFile = "FlSwiftExample_WatchOS Extension/PushNotificationPayload.apns">
      <RemoteRunnable
         runnableDebuggingMode = "2"
         BundleIdentifier = "com.apple.Carousel"
         RemotePath = "/Swifty_FluxExample">
         <BuildableReference
            BuildableIdentifier = "primary"
            BlueprintIdentifier = "EDE22CAC2394BAEC00A64FEA"
            BuildableName = "Swifty_FluxExample_WatchOS.app"
            BlueprintName = "Swifty_FluxExample_WatchOS"
            ReferencedContainer = "container:Swifty_FluxExample.xcodeproj">
         </BuildableReference>
      </RemoteRunnable>
      <MacroExpansion>
         <BuildableReference
            BuildableIdentifier = "primary"
            BlueprintIdentifier = "EDE22CAC2394BAEC00A64FEA"
            BuildableName = "Swifty_FluxExample_WatchOS.app"
            BlueprintName = "Swifty_FluxExample_WatchOS"
            ReferencedContainer = "container:Swifty_FluxExample.xcodeproj">
         </BuildableReference>
      </MacroExpansion>
   </ProfileAction>
   <AnalyzeAction
      buildConfiguration = "Debug">
   </AnalyzeAction>
   <ArchiveAction
      buildConfiguration = "Release"
      revealArchiveInOrganizer = "YES">
   </ArchiveAction>
</Scheme>
